# Generated by pub
# See http://pub.dartlang.org/doc/glossary.html#lockfile

{"packages":{"hop":{"version":"0.22.0","source":"hosted","description":"hop"},"http":{"version":"0.5.1","source":"hosted","description":"http"},"google_plus_v1_api":{"version":"0.1.0","source":"hosted","description":"google_plus_v1_api"},"js":{"version":"0.0.22","source":"hosted","description":"js"},"bot_io":{"version":"0.21.0+2","source":"hosted","description":"bot_io"},"hangouts_api":{"version":"0.0.2","source":"git","description":{"url":"git://github.com/Scarygami/dart_hangouts_api.git","ref":null,"resolved-ref":"5eb5e935307c32bfc3d2565230d5bf68b74b3aba"}},"browser":{"version":"0.5.1","source":"hosted","description":"browser"},"args":{"version":"0.5.1","source":"hosted","description":"args"},"meta":{"version":"0.5.1","source":"hosted","description":"meta"},"google_mirror_v1_api":{"version":"0.1.0","source":"hosted","description":"google_mirror_v1_api"},"logging":{"version":"0.5.1","source":"hosted","description":"logging"},"bot":{"version":"0.20.1","source":"hosted","description":"bot"},"unittest":{"version":"0.5.1","source":"hosted","description":"unittest"},"pathos":{"version":"0.5.1","source":"hosted","description":"pathos"},"oauth2":{"version":"0.5.1","source":"hosted","description":"oauth2"},"google_oauth2_client":{"version":"0.2.12","source":"hosted","description":"google_oauth2_client"}}}
